
Microsoft Visual Studio Solution File, Format Version 12.00
# Visual Studio Version 16
VisualStudioVersion = 16.0.31729.503
MinimumVisualStudioVersion = 10.0.40219.1
Project("{8BC9CEB8-8B4A-11D0-8D11-00A0C91BC942}") = "Лаба №6", "Лаба №6\Лаба №6.vcxproj", "{EC80C49A-CF0D-4C54-AD44-1FA3DFE1E1AF}"
EndProject
Global
	GlobalSection(SolutionConfigurationPlatforms) = preSolution
		Debug|x64 = Debug|x64
		Debug|x86 = Debug|x86
		Release|x64 = Release|x64
		Release|x86 = Release|x86
	EndGlobalSection
	GlobalSection(ProjectConfigurationPlatforms) = postSolution
		{EC80C49A-CF0D-4C54-AD44-1FA3DFE1E1AF}.Debug|x64.ActiveCfg = Debug|x64
		{EC80C49A-CF0D-4C54-AD44-1FA3DFE1E1AF}.Debug|x64.Build.0 = Debug|x64
		{EC80C49A-CF0D-4C54-AD44-1FA3DFE1E1AF}.Debug|x86.ActiveCfg = Debug|Win32
		{EC80C49A-CF0D-4C54-AD44-1FA3DFE1E1AF}.Debug|x86.Build.0 = Debug|Win32
		{EC80C49A-CF0D-4C54-AD44-1FA3DFE1E1AF}.Release|x64.ActiveCfg = Release|x64
		{EC80C49A-CF0D-4C54-AD44-1FA3DFE1E1AF}.Release|x64.Build.0 = Release|x64
		{EC80C49A-CF0D-4C54-AD44-1FA3DFE1E1AF}.Release|x86.ActiveCfg = Release|Win32
		{EC80C49A-CF0D-4C54-AD44-1FA3DFE1E1AF}.Release|x86.Build.0 = Release|Win32
	EndGlobalSection
	GlobalSection(SolutionProperties) = preSolution
		HideSolutionNode = FALSE
	EndGlobalSection
	GlobalSection(ExtensibilityGlobals) = postSolution
		SolutionGuid = {BFAA36F5-8286-478E-B633-7FC3F87634AF}
	EndGlobalSection
EndGlobal
